
Microsoft Visual Studio Solution File, Format Version 12.00
# Visual Studio Version 16
VisualStudioVersion = 16.0.31410.357
MinimumVisualStudioVersion = 10.0.40219.1
Project("{9A19103F-16F7-4668-BE54-9A1E7A4F7556}") = "TwitterReporter", "TwitterReporter\TwitterReporter.csproj", "{81DB5788-3E68-4FC0-BE5C-195B17FB4D40}"
EndProject
Project("{9A19103F-16F7-4668-BE54-9A1E7A4F7556}") = "TwitterReporter.Tests.Acceptance", "TwitterReporter.Tests.Acceptance\TwitterReporter.Tests.Acceptance.csproj", "{5D255FE0-8F72-4987-B223-A3C88ADD0143}"
EndProject
Global
	GlobalSection(SolutionConfigurationPlatforms) = preSolution
		Debug|Any CPU = Debug|Any CPU
		Release|Any CPU = Release|Any CPU
	EndGlobalSection
	GlobalSection(ProjectConfigurationPlatforms) = postSolution
		{81DB5788-3E68-4FC0-BE5C-195B17FB4D40}.Debug|Any CPU.ActiveCfg = Debug|Any CPU
		{81DB5788-3E68-4FC0-BE5C-195B17FB4D40}.Debug|Any CPU.Build.0 = Debug|Any CPU
		{81DB5788-3E68-4FC0-BE5C-195B17FB4D40}.Release|Any CPU.ActiveCfg = Release|Any CPU
		{81DB5788-3E68-4FC0-BE5C-195B17FB4D40}.Release|Any CPU.Build.0 = Release|Any CPU
		{5D255FE0-8F72-4987-B223-A3C88ADD0143}.Debug|Any CPU.ActiveCfg = Debug|Any CPU
		{5D255FE0-8F72-4987-B223-A3C88ADD0143}.Debug|Any CPU.Build.0 = Debug|Any CPU
		{5D255FE0-8F72-4987-B223-A3C88ADD0143}.Release|Any CPU.ActiveCfg = Release|Any CPU
		{5D255FE0-8F72-4987-B223-A3C88ADD0143}.Release|Any CPU.Build.0 = Release|Any CPU
	EndGlobalSection
	GlobalSection(SolutionProperties) = preSolution
		HideSolutionNode = FALSE
	EndGlobalSection
	GlobalSection(ExtensibilityGlobals) = postSolution
		SolutionGuid = {E4483ACC-552E-4A46-B3F4-0087FCC18C62}
	EndGlobalSection
EndGlobal
